
Microsoft Visual Studio Solution File, Format Version 12.00
# Visual Studio Version 17
VisualStudioVersion = 17.0.32014.148
MinimumVisualStudioVersion = 10.0.40219.1
Project("{FAE04EC0-301F-11D3-BF4B-00C04F79EFBC}") = "quest2_csharp", "quest2_csharp\quest2_csharp.csproj", "{F49FECD5-C8C0-4165-AB68-7A59E7472469}"
EndProject
Global
	GlobalSection(SolutionConfigurationPlatforms) = preSolution
		Debug|Any CPU = Debug|Any CPU
		Release|Any CPU = Release|Any CPU
	EndGlobalSection
	GlobalSection(ProjectConfigurationPlatforms) = postSolution
		{F49FECD5-C8C0-4165-AB68-7A59E7472469}.Debug|Any CPU.ActiveCfg = Debug|Any CPU
		{F49FECD5-C8C0-4165-AB68-7A59E7472469}.Debug|Any CPU.Build.0 = Debug|Any CPU
		{F49FECD5-C8C0-4165-AB68-7A59E7472469}.Release|Any CPU.ActiveCfg = Release|Any CPU
		{F49FECD5-C8C0-4165-AB68-7A59E7472469}.Release|Any CPU.Build.0 = Release|Any CPU
	EndGlobalSection
	GlobalSection(SolutionProperties) = preSolution
		HideSolutionNode = FALSE
	EndGlobalSection
	GlobalSection(ExtensibilityGlobals) = postSolution
		SolutionGuid = {EB523581-A4AD-41A7-B70C-7900531C9F14}
	EndGlobalSection
EndGlobal
